{
  "name": "programacion orientada a objetos",
  "version": "1.0.0",
  "lockfileVersion": 3,
  "requires": true,
  "packages": {
    "": {
      "dependencies": {
        "-": "^0.0.1",
        "@types/readline-sync": "^1.4.5",
        "D": "^1.0.0"
      },
      "devDependencies": {
        "@types/node": "^20.5.9",
        "readline-sync": "^1.4.10"
      }
    },
    "node_modules/-": {
      "version": "0.0.1",
      "resolved": "https://registry.npmjs.org/-/-/--0.0.1.tgz",
      "integrity": "sha512-3HfneK3DGAm05fpyj20sT3apkNcvPpCuccOThOPdzz8sY7GgQGe0l93XH9bt+YzibcTIgUAIMoyVJI740RtgyQ=="
    },
    "node_modules/@types/node": {
      "version": "20.5.9",
      "resolved": "https://registry.npmjs.org/@types/node/-/node-20.5.9.tgz",
      "integrity": "sha512-PcGNd//40kHAS3sTlzKB9C9XL4K0sTup8nbG5lC14kzEteTNuAFh9u5nA0o5TWnSG2r/JNPRXFVcHJIIeRlmqQ==",
      "dev": true
    },
    "node_modules/@types/readline-sync": {
      "version": "1.4.5",
      "resolved": "https://registry.npmjs.org/@types/readline-sync/-/readline-sync-1.4.5.tgz",
      "integrity": "sha512-vD/LCH84gWf9CoJaqGL8Ey0/oFrgHNEf/R/SPzoDeZa5Zr8Fh5tPCaTF2UC/m1shAcAHVHHZmDQrsoWMkCj0gA=="
    },
    "node_modules/D": {
      "version": "1.0.0",
      "resolved": "https://registry.npmjs.org/D/-/D-1.0.0.tgz",
      "integrity": "sha512-nQvrCBu7K2pSSEtIM0EEF03FVjcczCXInMt3moLNFbjlWx6bZrX72uT6/1uAXDbnzGUAx9gTyDiQ+vrFi663oA==",
      "deprecated": "Package no longer supported. Contact support@npmjs.com for more info."
    },
    "node_modules/readline-sync": {
      "version": "1.4.10",
      "resolved": "https://registry.npmjs.org/readline-sync/-/readline-sync-1.4.10.tgz",
      "integrity": "sha512-gNva8/6UAe8QYepIQH/jQ2qn91Qj0B9sYjMBBs3QOB8F2CXcKgLxQaJRP76sWVRQt+QU+8fAkCbCvjjMFu7Ycw==",
      "dev": true,
      "engines": {
        "node": ">= 0.8.0"
      }
    }
  }
}
